lockfileVersion: '9.0'

settings:
  autoInstallPeers: true
  excludeLinksFromLockfile: false

importers:

  .:
    dependencies:
      commander:
        specifier: 9.3.0
        version: 9.3.0
      filenamify:
        specifier: 5.1.1
        version: 5.1.1
      fs-extra:
        specifier: 10.1.0
        version: 10.1.0
      source-map-unpacker:
        specifier: 'link:'
        version: 'link:'
    devDependencies:
      '@types/fs-extra':
        specifier: 9.0.13
        version: 9.0.13
      '@types/node':
        specifier: 18.0.0
        version: 18.0.0

packages:

  '@types/fs-extra@9.0.13':
    resolution: {integrity: sha512-nEnwB++1u5lVDM2UI4c1+5R+FYaKfaAzS4OococimjVm3nQw3TuzH5UNsocrcTBbhnerblyHj4A49qXbIiZdpA==}

  '@types/node@18.0.0':
    resolution: {integrity: sha512-cHlGmko4gWLVI27cGJntjs/Sj8th9aYwplmZFwmmgYQQvL5NUsgVJG7OddLvNfLqYS31KFN0s3qlaD9qCaxACA==}

  commander@9.3.0:
    resolution: {integrity: sha512-hv95iU5uXPbK83mjrJKuZyFM/LBAoCV/XhVGkS5Je6tl7sxr6A0ITMw5WoRV46/UaJ46Nllm3Xt7IaJhXTIkzw==}
    engines: {node: ^12.20.0 || >=14}

  escape-string-regexp@5.0.0:
    resolution: {integrity: sha512-/veY75JbMK4j1yjvuUxuVsiS/hr/4iHs9FTT6cgTexxdE0Ly/glccBAkloH/DofkjRbZU3bnoj38mOmhkZ0lHw==}
    engines: {node: '>=12'}

  filename-reserved-regex@3.0.0:
    resolution: {integrity: sha512-hn4cQfU6GOT/7cFHXBqeBg2TbrMBgdD0kcjLhvSQYYwm3s4B6cjvBfb7nBALJLAXqmU5xajSa7X2NnUud/VCdw==}
    engines: {node: ^12.20.0 || ^14.13.1 || >=16.0.0}

  filenamify@5.1.1:
    resolution: {integrity: sha512-M45CbrJLGACfrPOkrTp3j2EcO9OBkKUYME0eiqOCa7i2poaklU0jhlIaMlr8ijLorT0uLAzrn3qXOp5684CkfA==}
    engines: {node: '>=12.20'}

  fs-extra@10.1.0:
    resolution: {integrity: sha512-oRXApq54ETRj4eMiFzGnHWGy+zo5raudjuxN0b8H7s/RU2oW0Wvsx9O0ACRN/kRq9E8Vu/ReskGB5o3ji+FzHQ==}
    engines: {node: '>=12'}

  graceful-fs@4.2.11:
    resolution: {integrity: sha512-RbJ5/jmFcNNCcDV5o9eTnBLJ/HszWV0P73bc+Ff4nS/rJj+YaS6IGyiOL0VoBYX+l1Wrl3k63h/KrH+nhJ0XvQ==}

  jsonfile@6.1.0:
    resolution: {integrity: sha512-5dgndWOriYSm5cnYaJNhalLNDKOqFwyDB/rr1E9ZsGciGvKPs8R2xYGCacuf3z6K1YKDz182fd+fY3cn3pMqXQ==}

  strip-outer@2.0.0:
    resolution: {integrity: sha512-A21Xsm1XzUkK0qK1ZrytDUvqsQWict2Cykhvi0fBQntGG5JSprESasEyV1EZ/4CiR5WB5KjzLTrP/bO37B0wPg==}
    engines: {node: ^12.20.0 || ^14.13.1 || >=16.0.0}

  trim-repeated@2.0.0:
    resolution: {integrity: sha512-QUHBFTJGdOwmp0tbOG505xAgOp/YliZP/6UgafFXYZ26WT1bvQmSMJUvkeVSASuJJHbqsFbynTvkd5W8RBTipg==}
    engines: {node: '>=12'}

  universalify@2.0.1:
    resolution: {integrity: sha512-gptHNQghINnc/vTGIk0SOFGFNXw7JVrlRUtConJRlvaw6DuX0wO5Jeko9sWrMBhh+PsYAZ7oXAiOnf/UKogyiw==}
    engines: {node: '>= 10.0.0'}

snapshots:

  '@types/fs-extra@9.0.13':
    dependencies:
      '@types/node': 18.0.0

  '@types/node@18.0.0': {}

  commander@9.3.0: {}

  escape-string-regexp@5.0.0: {}

  filename-reserved-regex@3.0.0: {}

  filenamify@5.1.1:
    dependencies:
      filename-reserved-regex: 3.0.0
      strip-outer: 2.0.0
      trim-repeated: 2.0.0

  fs-extra@10.1.0:
    dependencies:
      graceful-fs: 4.2.11
      jsonfile: 6.1.0
      universalify: 2.0.1

  graceful-fs@4.2.11: {}

  jsonfile@6.1.0:
    dependencies:
      universalify: 2.0.1
    optionalDependencies:
      graceful-fs: 4.2.11

  strip-outer@2.0.0: {}

  trim-repeated@2.0.0:
    dependencies:
      escape-string-regexp: 5.0.0

  universalify@2.0.1: {}
